// !$*UTF8*$!
{
	archiveVersion = 1;
	classes = {
	};
	objectVersion = 46;
	objects = {

/* Begin PBXBuildFile section */
		846908FF1A80017B0097ADFD /* AppDelegate.swift in Sources */ = {isa = PBXBuildFile; fileRef = 846908FE1A80017B0097ADFD /* AppDelegate.swift */; };
		846909011A80017B0097ADFD /* GameScene.sks in Resources */ = {isa = PBXBuildFile; fileRef = 846909001A80017B0097ADFD /* GameScene.sks */; };
		846909031A80017B0097ADFD /* GameScene.swift in Sources */ = {isa = PBXBuildFile; fileRef = 846909021A80017B0097ADFD /* GameScene.swift */; };
		846909051A80017B0097ADFD /* GameViewController.swift in Sources */ = {isa = PBXBuildFile; fileRef = 846909041A80017B0097ADFD /* GameViewController.swift */; };
		846909081A80017B0097ADFD /* Main.storyboard in Resources */ = {isa = PBXBuildFile; fileRef = 846909061A80017B0097ADFD /* Main.storyboard */; };
		8469090A1A80017B0097ADFD /* Images.xcassets in Resources */ = {isa = PBXBuildFile; fileRef = 846909091A80017B0097ADFD /* Images.xcassets */; };
		8469090D1A80017B0097ADFD /* LaunchScreen.xib in Resources */ = {isa = PBXBuildFile; fileRef = 8469090B1A80017B0097ADFD /* LaunchScreen.xib */; };
		846909191A80017B0097ADFD /* ttt1_2Tests.swift in Sources */ = {isa = PBXBuildFile; fileRef = 846909181A80017B0097ADFD /* ttt1_2Tests.swift */; };
/* End PBXBuildFile section */

/* Begin PBXContainerItemProxy section */
		846909131A80017B0097ADFD /* PBXContainerItemProxy */ = {
			isa = PBXContainerItemProxy;
			containerPortal = 846908F11A80017B0097ADFD /* Project object */;
			proxyType = 1;
			remoteGlobalIDString = 846908F81A80017B0097ADFD;
			remoteInfo = "ttt1-2";
		};
/* End PBXContainerItemProxy section */

/* Begin PBXFileReference section */
		846908F91A80017B0097ADFD /* ttt1-2.app */ = {isa = PBXFileReference; explicitFileType = wrapper.application; includeInIndex = 0; path = "ttt1-2.app"; sourceTree = BUILT_PRODUCTS_DIR; };
		846908FD1A80017B0097ADFD /* Info.plist */ = {isa = PBXFileReference; lastKnownFileType = text.plist.xml; path = Info.plist; sourceTree = "<group>"; };
		846908FE1A80017B0097ADFD /* AppDelegate.swift */ = {isa = PBXFileReference; lastKnownFileType = sourcecode.swift; path = AppDelegate.swift; sourceTree = "<group>"; };
		846909001A80017B0097ADFD /* GameScene.sks */ = {isa = PBXFileReference; lastKnownFileType = file.sks; path = GameScene.sks; sourceTree = "<group>"; };
		846909021A80017B0097ADFD /* GameScene.swift */ = {isa = PBXFileReference; lastKnownFileType = sourcecode.swift; path = GameScene.swift; sourceTree = "<group>"; };
		846909041A80017B0097ADFD /* GameViewController.swift */ = {isa = PBXFileReference; lastKnownFileType = sourcecode.swift; path = GameViewController.swift; sourceTree = "<group>"; };
		846909071A80017B0097ADFD /* Base */ = {isa = PBXFileReference; lastKnownFileType = file.storyboard; name = Base; path = Base.lproj/Main.storyboard; sourceTree = "<group>"; };
		846909091A80017B0097ADFD /* Images.xcassets */ = {isa = PBXFileReference; lastKnownFileType = folder.assetcatalog; path = Images.xcassets; sourceTree = "<group>"; };
		8469090C1A80017B0097ADFD /* Base */ = {isa = PBXFileReference; lastKnownFileType = file.xib; name = Base; path = Base.lproj/LaunchScreen.xib; sourceTree = "<group>"; };
		846909121A80017B0097ADFD /* ttt1-2Tests.xctest */ = {isa = PBXFileReference; explicitFileType = wrapper.cfbundle; includeInIndex = 0; path = "ttt1-2Tests.xctest"; sourceTree = BUILT_PRODUCTS_DIR; };
		846909171A80017B0097ADFD /* Info.plist */ = {isa = PBXFileReference; lastKnownFileType = text.plist.xml; path = Info.plist; sourceTree = "<group>"; };
		846909181A80017B0097ADFD /* ttt1_2Tests.swift */ = {isa = PBXFileReference; lastKnownFileType = sourcecode.swift; path = ttt1_2Tests.swift; sourceTree = "<group>"; };
/* End PBXFileReference section */

/* Begin PBXFrameworksBuildPhase section */
		846908F61A80017B0097ADFD /* Frameworks */ = {
			isa = PBXFrameworksBuildPhase;
			buildActionMask = 2147483647;
			files = (
			);
			runOnlyForDeploymentPostprocessing = 0;
		};
		8469090F1A80017B0097ADFD /* Frameworks */ = {
			isa = PBXFrameworksBuildPhase;
			buildActionMask = 2147483647;
			files = (
			);
			runOnlyForDeploymentPostprocessing = 0;
		};
/* End PBXFrameworksBuildPhase section */

/* Begin PBXGroup section */
		846908F01A80017B0097ADFD = {
			isa = PBXGroup;
			children = (
				846908FB1A80017B0097ADFD /* ttt1-2 */,
				846909151A80017B0097ADFD /* ttt1-2Tests */,
				846908FA1A80017B0097ADFD /* Products */,
			);
			sourceTree = "<group>";
		};
		846908FA1A80017B0097ADFD /* Products */ = {
			isa = PBXGroup;
			children = (
				846908F91A80017B0097ADFD /* ttt1-2.app */,
				846909121A80017B0097ADFD /* ttt1-2Tests.xctest */,
			);
			name = Products;
			sourceTree = "<group>";
		};
		846908FB1A80017B0097ADFD /* ttt1-2 */ = {
			isa = PBXGroup;
			children = (
				846908FE1A80017B0097ADFD /* AppDelegate.swift */,
				846909001A80017B0097ADFD /* GameScene.sks */,
				846909021A80017B0097ADFD /* GameScene.swift */,
				846909041A80017B0097ADFD /* GameViewController.swift */,
				846909061A80017B0097ADFD /* Main.storyboard */,
				846909091A80017B0097ADFD /* Images.xcassets */,
				8469090B1A80017B0097ADFD /* LaunchScreen.xib */,
				846908FC1A80017B0097ADFD /* Supporting Files */,
			);
			path = "ttt1-2";
			sourceTree = "<group>";
		};
		846908FC1A80017B0097ADFD /* Supporting Files */ = {
			isa = PBXGroup;
			children = (
				846908FD1A80017B0097ADFD /* Info.plist */,
			);
			name = "Supporting Files";
			sourceTree = "<group>";
		};
		846909151A80017B0097ADFD /* ttt1-2Tests */ = {
			isa = PBXGroup;
			children = (
				846909181A80017B0097ADFD /* ttt1_2Tests.swift */,
				846909161A80017B0097ADFD /* Supporting Files */,
			);
			path = "ttt1-2Tests";
			sourceTree = "<group>";
		};
		846909161A80017B0097ADFD /* Supporting Files */ = {
			isa = PBXGroup;
			children = (
				846909171A80017B0097ADFD /* Info.plist */,
			);
			name = "Supporting Files";
			sourceTree = "<group>";
		};
/* End PBXGroup section */

/* Begin PBXNativeTarget section */
		846908F81A80017B0097ADFD /* ttt1-2 */ = {
			isa = PBXNativeTarget;
			buildConfigurationList = 8469091C1A80017B0097ADFD /* Build configuration list for PBXNativeTarget "ttt1-2" */;
			buildPhases = (
				846908F51A80017B0097ADFD /* Sources */,
				846908F61A80017B0097ADFD /* Frameworks */,
				846908F71A80017B0097ADFD /* Resources */,
			);
			buildRules = (
			);
			dependencies = (
			);
			name = "ttt1-2";
			productName = "ttt1-2";
			productReference = 846908F91A80017B0097ADFD /* ttt1-2.app */;
			productType = "com.apple.product-type.application";
		};
		846909111A80017B0097ADFD /* ttt1-2Tests */ = {
			isa = PBXNativeTarget;
			buildConfigurationList = 8469091F1A80017B0097ADFD /* Build configuration list for PBXNativeTarget "ttt1-2Tests" */;
			buildPhases = (
				8469090E1A80017B0097ADFD /* Sources */,
				8469090F1A80017B0097ADFD /* Frameworks */,
				846909101A80017B0097ADFD /* Resources */,
			);
			buildRules = (
			);
			dependencies = (
				846909141A80017B0097ADFD /* PBXTargetDependency */,
			);
			name = "ttt1-2Tests";
			productName = "ttt1-2Tests";
			productReference = 846909121A80017B0097ADFD /* ttt1-2Tests.xctest */;
			productType = "com.apple.product-type.bundle.unit-test";
		};
/* End PBXNativeTarget section */

/* Begin PBXProject section */
		846908F11A80017B0097ADFD /* Project object */ = {
			isa = PBXProject;
			attributes = {
				LastUpgradeCheck = 0610;
				ORGANIZATIONNAME = "knoob studio";
				TargetAttributes = {
					846908F81A80017B0097ADFD = {
						CreatedOnToolsVersion = 6.1.1;
					};
					846909111A80017B0097ADFD = {
						CreatedOnToolsVersion = 6.1.1;
						TestTargetID = 846908F81A80017B0097ADFD;
					};
				};
			};
			buildConfigurationList = 846908F41A80017B0097ADFD /* Build configuration list for PBXProject "ttt1-2" */;
			compatibilityVersion = "Xcode 3.2";
			developmentRegion = English;
			hasScannedForEncodings = 0;
			knownRegions = (
				en,
				Base,
			);
			mainGroup = 846908F01A80017B0097ADFD;
			productRefGroup = 846908FA1A80017B0097ADFD /* Products */;
			projectDirPath = "";
			projectRoot = "";
			targets = (
				846908F81A80017B0097ADFD /* ttt1-2 */,
				846909111A80017B0097ADFD /* ttt1-2Tests */,
			);
		};
/* End PBXProject section */

/* Begin PBXResourcesBuildPhase section */
		846908F71A80017B0097ADFD /* Resources */ = {
			isa = PBXResourcesBuildPhase;
			buildActionMask = 2147483647;
			files = (
				8469090D1A80017B0097ADFD /* LaunchScreen.xib in Resources */,
				8469090A1A80017B0097ADFD /* Images.xcassets in Resources */,
				846909011A80017B0097ADFD /* GameScene.sks in Resources */,
				846909081A80017B0097ADFD /* Main.storyboard in Resources */,
			);
			runOnlyForDeploymentPostprocessing = 0;
		};
		846909101A80017B0097ADFD /* Resources */ = {
			isa = PBXResourcesBuildPhase;
			buildActionMask = 2147483647;
			files = (
			);
			runOnlyForDeploymentPostprocessing = 0;
		};
/* End PBXResourcesBuildPhase section */

/* Begin PBXSourcesBuildPhase section */
		846908F51A80017B0097ADFD /* Sources */ = {
			isa = PBXSourcesBuildPhase;
			buildActionMask = 2147483647;
			files = (
				846909031A80017B0097ADFD /* GameScene.swift in Sources */,
				846909051A80017B0097ADFD /* GameViewController.swift in Sources */,
				846908FF1A80017B0097ADFD /* AppDelegate.swift in Sources */,
			);
			runOnlyForDeploymentPostprocessing = 0;
		};
		8469090E1A80017B0097ADFD /* Sources */ = {
			isa = PBXSourcesBuildPhase;
			buildActionMask = 2147483647;
			files = (
				846909191A80017B0097ADFD /* ttt1_2Tests.swift in Sources */,
			);
			runOnlyForDeploymentPostprocessing = 0;
		};
/* End PBXSourcesBuildPhase section */

/* Begin PBXTargetDependency section */
		846909141A80017B0097ADFD /* PBXTargetDependency */ = {
			isa = PBXTargetDependency;
			target = 846908F81A80017B0097ADFD /* ttt1-2 */;
			targetProxy = 846909131A80017B0097ADFD /* PBXContainerItemProxy */;
		};
/* End PBXTargetDependency section */

/* Begin PBXVariantGroup section */
		846909061A80017B0097ADFD /* Main.storyboard */ = {
			isa = PBXVariantGroup;
			children = (
				846909071A80017B0097ADFD /* Base */,
			);
			name = Main.storyboard;
			sourceTree = "<group>";
		};
		8469090B1A80017B0097ADFD /* LaunchScreen.xib */ = {
			isa = PBXVariantGroup;
			children = (
				8469090C1A80017B0097ADFD /* Base */,
			);
			name = LaunchScreen.xib;
			sourceTree = "<group>";
		};
/* End PBXVariantGroup section */

/* Begin XCBuildConfiguration section */
		8469091A1A80017B0097ADFD /* Debug */ = {
			isa = XCBuildConfiguration;
			buildSettings = {
				ALWAYS_SEARCH_USER_PATHS = NO;
				CLANG_CXX_LANGUAGE_STANDARD = "gnu++0x";
				CLANG_CXX_LIBRARY = "libc++";
				CLANG_ENABLE_MODULES = YES;
				CLANG_ENABLE_OBJC_ARC = YES;
				CLANG_WARN_BOOL_CONVERSION = YES;
				CLANG_WARN_CONSTANT_CONVERSION = YES;
				CLANG_WARN_DIRECT_OBJC_ISA_USAGE = YES_ERROR;
				CLANG_WARN_EMPTY_BODY = YES;
				CLANG_WARN_ENUM_CONVERSION = YES;
				CLANG_WARN_INT_CONVERSION = YES;
				CLANG_WARN_OBJC_ROOT_CLASS = YES_ERROR;
				CLANG_WARN_UNREACHABLE_CODE = YES;
				CLANG_WARN__DUPLICATE_METHOD_MATCH = YES;
				"CODE_SIGN_IDENTITY[sdk=iphoneos*]" = "iPhone Developer";
				COPY_PHASE_STRIP = NO;
				ENABLE_STRICT_OBJC_MSGSEND = YES;
				GCC_C_LANGUAGE_STANDARD = gnu99;
				GCC_DYNAMIC_NO_PIC = NO;
				GCC_OPTIMIZATION_LEVEL = 0;
				GCC_PREPROCESSOR_DEFINITIONS = (
					"DEBUG=1",
					"$(inherited)",
				);
				GCC_SYMBOLS_PRIVATE_EXTERN = NO;
				GCC_WARN_64_TO_32_BIT_CONVERSION = YES;
				GCC_WARN_ABOUT_RETURN_TYPE = YES_ERROR;
				GCC_WARN_UNDECLARED_SELECTOR = YES;
				GCC_WARN_UNINITIALIZED_AUTOS = YES_AGGRESSIVE;
				GCC_WARN_UNUSED_FUNCTION = YES;
				GCC_WARN_UNUSED_VARIABLE = YES;
				IPHONEOS_DEPLOYMENT_TARGET = 8.1;
				MTL_ENABLE_DEBUG_INFO = YES;
				ONLY_ACTIVE_ARCH = YES;
				SDKROOT = iphoneos;
				SWIFT_OPTIMIZATION_LEVEL = "-Onone";
			};
			name = Debug;
		};
		8469091B1A80017B0097ADFD /* Release */ = {
			isa = XCBuildConfiguration;
			buildSettings = {
				ALWAYS_SEARCH_USER_PATHS = NO;
				CLANG_CXX_LANGUAGE_STANDARD = "gnu++0x";
				CLANG_CXX_LIBRARY = "libc++";
				CLANG_ENABLE_MODULES = YES;
				CLANG_ENABLE_OBJC_ARC = YES;
				CLANG_WARN_BOOL_CONVERSION = YES;
				CLANG_WARN_CONSTANT_CONVERSION = YES;
				CLANG_WARN_DIRECT_OBJC_ISA_USAGE = YES_ERROR;
				CLANG_WARN_EMPTY_BODY = YES;
				CLANG_WARN_ENUM_CONVERSION = YES;
				CLANG_WARN_INT_CONVERSION = YES;
				CLANG_WARN_OBJC_ROOT_CLASS = YES_ERROR;
				CLANG_WARN_UNREACHABLE_CODE = YES;
				CLANG_WARN__DUPLICATE_METHOD_MATCH = YES;
				"CODE_SIGN_IDENTITY[sdk=iphoneos*]" = "iPhone Developer";
				COPY_PHASE_STRIP = YES;
				ENABLE_NS_ASSERTIONS = NO;
				ENABLE_STRICT_OBJC_MSGSEND = YES;
				GCC_C_LANGUAGE_STANDARD = gnu99;
				GCC_WARN_64_TO_32_BIT_CONVERSION = YES;
				GCC_WARN_ABOUT_RETURN_TYPE = YES_ERROR;
				GCC_WARN_UNDECLARED_SELECTOR = YES;
				GCC_WARN_UNINITIALIZED_AUTOS = YES_AGGRESSIVE;
				GCC_WARN_UNUSED_FUNCTION = YES;
				GCC_WARN_UNUSED_VARIABLE = YES;
				IPHONEOS_DEPLOYMENT_TARGET = 8.1;
				MTL_ENABLE_DEBUG_INFO = NO;
				SDKROOT = iphoneos;
				VALIDATE_PRODUCT = YES;
			};
			name = Release;
		};
		8469091D1A80017B0097ADFD /* Debug */ = {
			isa = XCBuildConfiguration;
			buildSettings = {
				ASSETCATALOG_COMPILER_APPICON_NAME = AppIcon;
				INFOPLIST_FILE = "ttt1-2/Info.plist";
				LD_RUNPATH_SEARCH_PATHS = "$(inherited) @executable_path/Frameworks";
				PRODUCT_NAME = "$(TARGET_NAME)";
			};
			name = Debug;
		};
		8469091E1A80017B0097ADFD /* Release */ = {
			isa = XCBuildConfiguration;
			buildSettings = {
				ASSETCATALOG_COMPILER_APPICON_NAME = AppIcon;
				INFOPLIST_FILE = "ttt1-2/Info.plist";
				LD_RUNPATH_SEARCH_PATHS = "$(inherited) @executable_path/Frameworks";
				PRODUCT_NAME = "$(TARGET_NAME)";
			};
			name = Release;
		};
		846909201A80017B0097ADFD /* Debug */ = {
			isa = XCBuildConfiguration;
			buildSettings = {
				BUNDLE_LOADER = "$(TEST_HOST)";
				FRAMEWORK_SEARCH_PATHS = (
					"$(SDKROOT)/Developer/Library/Frameworks",
					"$(inherited)",
				);
				GCC_PREPROCESSOR_DEFINITIONS = (
					"DEBUG=1",
					"$(inherited)",
				);
				INFOPLIST_FILE = "ttt1-2Tests/Info.plist";
				LD_RUNPATH_SEARCH_PATHS = "$(inherited) @executable_path/Frameworks @loader_path/Frameworks";
				PRODUCT_NAME = "$(TARGET_NAME)";
				TEST_HOST = "$(BUILT_PRODUCTS_DIR)/ttt1-2.app/ttt1-2";
			};
			name = Debug;
		};
		846909211A80017B0097ADFD /* Release */ = {
			isa = XCBuildConfiguration;
			buildSettings = {
				BUNDLE_LOADER = "$(TEST_HOST)";
				FRAMEWORK_SEARCH_PATHS = (
					"$(SDKROOT)/Developer/Library/Frameworks",
					"$(inherited)",
				);
				INFOPLIST_FILE = "ttt1-2Tests/Info.plist";
				LD_RUNPATH_SEARCH_PATHS = "$(inherited) @executable_path/Frameworks @loader_path/Frameworks";
				PRODUCT_NAME = "$(TARGET_NAME)";
				TEST_HOST = "$(BUILT_PRODUCTS_DIR)/ttt1-2.app/ttt1-2";
			};
			name = Release;
		};
/* End XCBuildConfiguration section */

/* Begin XCConfigurationList section */
		846908F41A80017B0097ADFD /* Build configuration list for PBXProject "ttt1-2" */ = {
			isa = XCConfigurationList;
			buildConfigurations = (
				8469091A1A80017B0097ADFD /* Debug */,
				8469091B1A80017B0097ADFD /* Release */,
			);
			defaultConfigurationIsVisible = 0;
			defaultConfigurationName = Release;
		};
		8469091C1A80017B0097ADFD /* Build configuration list for PBXNativeTarget "ttt1-2" */ = {
			isa = XCConfigurationList;
			buildConfigurations = (
				8469091D1A80017B0097ADFD /* Debug */,
				8469091E1A80017B0097ADFD /* Release */,
			);
			defaultConfigurationIsVisible = 0;
		};
		8469091F1A80017B0097ADFD /* Build configuration list for PBXNativeTarget "ttt1-2Tests" */ = {
			isa = XCConfigurationList;
			buildConfigurations = (
				846909201A80017B0097ADFD /* Debug */,
				846909211A80017B0097ADFD /* Release */,
			);
			defaultConfigurationIsVisible = 0;
		};
/* End XCConfigurationList section */
	};
	rootObject = 846908F11A80017B0097ADFD /* Project object */;
}
